
Microsoft Visual Studio Solution File, Format Version 12.00
# Visual Studio Version 16
VisualStudioVersion = 16.0.29613.14
MinimumVisualStudioVersion = 10.0.40219.1
Project("{FAE04EC0-301F-11D3-BF4B-00C04F79EFBC}") = "TicTakToe", "TicTakToe\TicTakToe.csproj", "{C306AF43-03AA-42FB-9FD1-2E15824FF85C}"
EndProject
Global
	GlobalSection(SolutionConfigurationPlatforms) = preSolution
		Debug|Any CPU = Debug|Any CPU
		Release|Any CPU = Release|Any CPU
	EndGlobalSection
	GlobalSection(ProjectConfigurationPlatforms) = postSolution
		{C306AF43-03AA-42FB-9FD1-2E15824FF85C}.Debug|Any CPU.ActiveCfg = Debug|Any CPU
		{C306AF43-03AA-42FB-9FD1-2E15824FF85C}.Debug|Any CPU.Build.0 = Debug|Any CPU
		{C306AF43-03AA-42FB-9FD1-2E15824FF85C}.Release|Any CPU.ActiveCfg = Release|Any CPU
		{C306AF43-03AA-42FB-9FD1-2E15824FF85C}.Release|Any CPU.Build.0 = Release|Any CPU
	EndGlobalSection
	GlobalSection(SolutionProperties) = preSolution
		HideSolutionNode = FALSE
	EndGlobalSection
	GlobalSection(ExtensibilityGlobals) = postSolution
		SolutionGuid = {90166820-C9D0-4CA9-88CD-8C23C9E2BBBB}
	EndGlobalSection
EndGlobal
