
Microsoft Visual Studio Solution File, Format Version 12.00
# Visual Studio Version 16
VisualStudioVersion = 16.0.29613.14
MinimumVisualStudioVersion = 10.0.40219.1
Project("{FAE04EC0-301F-11D3-BF4B-00C04F79EFBC}") = "Maze", "Maze\Maze.csproj", "{A86DD626-7484-42B9-BACD-0728AB433715}"
EndProject
Global
	GlobalSection(SolutionConfigurationPlatforms) = preSolution
		Debug|Any CPU = Debug|Any CPU
		Release|Any CPU = Release|Any CPU
	EndGlobalSection
	GlobalSection(ProjectConfigurationPlatforms) = postSolution
		{A86DD626-7484-42B9-BACD-0728AB433715}.Debug|Any CPU.ActiveCfg = Debug|Any CPU
		{A86DD626-7484-42B9-BACD-0728AB433715}.Debug|Any CPU.Build.0 = Debug|Any CPU
		{A86DD626-7484-42B9-BACD-0728AB433715}.Release|Any CPU.ActiveCfg = Release|Any CPU
		{A86DD626-7484-42B9-BACD-0728AB433715}.Release|Any CPU.Build.0 = Release|Any CPU
	EndGlobalSection
	GlobalSection(SolutionProperties) = preSolution
		HideSolutionNode = FALSE
	EndGlobalSection
	GlobalSection(ExtensibilityGlobals) = postSolution
		SolutionGuid = {D09E685F-57BA-44BA-9DD6-C16E003C3193}
	EndGlobalSection
EndGlobal
