
Microsoft Visual Studio Solution File, Format Version 12.00
# Visual Studio Version 16
VisualStudioVersion = 16.0.29613.14
MinimumVisualStudioVersion = 10.0.40219.1
Project("{FAE04EC0-301F-11D3-BF4B-00C04F79EFBC}") = "Snake", "Snake\Snake.csproj", "{FBF9AA7B-99EE-4F5D-8DC4-FA81B98193DD}"
EndProject
Global
	GlobalSection(SolutionConfigurationPlatforms) = preSolution
		Debug|Any CPU = Debug|Any CPU
		Release|Any CPU = Release|Any CPU
	EndGlobalSection
	GlobalSection(ProjectConfigurationPlatforms) = postSolution
		{FBF9AA7B-99EE-4F5D-8DC4-FA81B98193DD}.Debug|Any CPU.ActiveCfg = Debug|Any CPU
		{FBF9AA7B-99EE-4F5D-8DC4-FA81B98193DD}.Debug|Any CPU.Build.0 = Debug|Any CPU
		{FBF9AA7B-99EE-4F5D-8DC4-FA81B98193DD}.Release|Any CPU.ActiveCfg = Release|Any CPU
		{FBF9AA7B-99EE-4F5D-8DC4-FA81B98193DD}.Release|Any CPU.Build.0 = Release|Any CPU
	EndGlobalSection
	GlobalSection(SolutionProperties) = preSolution
		HideSolutionNode = FALSE
	EndGlobalSection
	GlobalSection(ExtensibilityGlobals) = postSolution
		SolutionGuid = {15FA62D1-CB4C-42B9-B688-7FEE0E11EF88}
	EndGlobalSection
EndGlobal
